
Microsoft Visual Studio Solution File, Format Version 12.00
# Visual Studio Version 17
VisualStudioVersion = 17.10.35013.160
MinimumVisualStudioVersion = 10.0.40219.1
Project("{FAE04EC0-301F-11D3-BF4B-00C04F79EFBC}") = "Prática_4_MaxMin", "Prática_4_MaxMin\Prática_4_MaxMin.csproj", "{12A6A8DA-EC45-418A-B1D7-DEE88F43364E}"
EndProject
Global
	GlobalSection(SolutionConfigurationPlatforms) = preSolution
		Debug|Any CPU = Debug|Any CPU
		Release|Any CPU = Release|Any CPU
	EndGlobalSection
	GlobalSection(ProjectConfigurationPlatforms) = postSolution
		{12A6A8DA-EC45-418A-B1D7-DEE88F43364E}.Debug|Any CPU.ActiveCfg = Debug|Any CPU
		{12A6A8DA-EC45-418A-B1D7-DEE88F43364E}.Debug|Any CPU.Build.0 = Debug|Any CPU
		{12A6A8DA-EC45-418A-B1D7-DEE88F43364E}.Release|Any CPU.ActiveCfg = Release|Any CPU
		{12A6A8DA-EC45-418A-B1D7-DEE88F43364E}.Release|Any CPU.Build.0 = Release|Any CPU
	EndGlobalSection
	GlobalSection(SolutionProperties) = preSolution
		HideSolutionNode = FALSE
	EndGlobalSection
	GlobalSection(ExtensibilityGlobals) = postSolution
		SolutionGuid = {5B2814CE-0675-4408-AAC2-C69000DB6E38}
	EndGlobalSection
EndGlobal
